<?xml version="1.0" encoding="utf-8"?>
<Project ToolsVersion="17.0" xmlns="http://schemas.microsoft.com/developer/msbuild/2003">
  <ItemGroup>
    <CustomBuild Include="D:\git\seokhwan\sates_cpp\build_win\CMakeFiles\43708c2c00d68475f3d99e93fc14592f\generate.stamp.rule">
      <Filter>CMake Rules</Filter>
    </CustomBuild>
  </ItemGroup>
  <ItemGroup>
    <Filter Include="CMake Rules">
      <UniqueIdentifier>{28436AAD-751B-34BA-91E7-6114AEF9879D}</UniqueIdentifier>
    </Filter>
  </ItemGroup>
</Project>
