
Microsoft Visual Studio Solution File, Format Version 12.00
# Visual Studio Version 17
Project("{8BC9CEB8-8B4A-11D0-8D11-00A0C91BC942}") = "ALL_BUILD", "ALL_BUILD.vcxproj", "{A785A34B-CCFB-335A-B640-E6F27BAA5EA6}"
	ProjectSection(ProjectDependencies) = postProject
		{1D3C8E53-F15E-3B36-99F8-FBF9CD34816F} = {1D3C8E53-F15E-3B36-99F8-FBF9CD34816F}
		{C55CAA36-94B4-37A3-9DE8-441333424014} = {C55CAA36-94B4-37A3-9DE8-441333424014}
	EndProjectSection
EndProject
Project("{8BC9CEB8-8B4A-11D0-8D11-00A0C91BC942}") = "ZERO_CHECK", "..\\ZERO_CHECK.vcxproj", "{1D3C8E53-F15E-3B36-99F8-FBF9CD34816F}"
	ProjectSection(ProjectDependencies) = postProject
	EndProjectSection
EndProject
Project("{8BC9CEB8-8B4A-11D0-8D11-00A0C91BC942}") = "test_for_deploy", "test_for_deploy.vcxproj", "{C55CAA36-94B4-37A3-9DE8-441333424014}"
	ProjectSection(ProjectDependencies) = postProject
		{1D3C8E53-F15E-3B36-99F8-FBF9CD34816F} = {1D3C8E53-F15E-3B36-99F8-FBF9CD34816F}
	EndProjectSection
EndProject
Global
	GlobalSection(SolutionConfigurationPlatforms) = preSolution
		Debug|x64 = Debug|x64
		Release|x64 = Release|x64
		MinSizeRel|x64 = MinSizeRel|x64
		RelWithDebInfo|x64 = RelWithDebInfo|x64
	EndGlobalSection
	GlobalSection(ProjectConfigurationPlatforms) = postSolution
		{A785A34B-CCFB-335A-B640-E6F27BAA5EA6}.Debug|x64.ActiveCfg = Debug|x64
		{A785A34B-CCFB-335A-B640-E6F27BAA5EA6}.Release|x64.ActiveCfg = Release|x64
		{A785A34B-CCFB-335A-B640-E6F27BAA5EA6}.MinSizeRel|x64.ActiveCfg = MinSizeRel|x64
		{A785A34B-CCFB-335A-B640-E6F27BAA5EA6}.RelWithDebInfo|x64.ActiveCfg = RelWithDebInfo|x64
		{1D3C8E53-F15E-3B36-99F8-FBF9CD34816F}.Debug|x64.ActiveCfg = Debug|x64
		{1D3C8E53-F15E-3B36-99F8-FBF9CD34816F}.Debug|x64.Build.0 = Debug|x64
		{1D3C8E53-F15E-3B36-99F8-FBF9CD34816F}.Release|x64.ActiveCfg = Release|x64
		{1D3C8E53-F15E-3B36-99F8-FBF9CD34816F}.Release|x64.Build.0 = Release|x64
		{1D3C8E53-F15E-3B36-99F8-FBF9CD34816F}.MinSizeRel|x64.ActiveCfg = MinSizeRel|x64
		{1D3C8E53-F15E-3B36-99F8-FBF9CD34816F}.MinSizeRel|x64.Build.0 = MinSizeRel|x64
		{1D3C8E53-F15E-3B36-99F8-FBF9CD34816F}.RelWithDebInfo|x64.ActiveCfg = RelWithDebInfo|x64
		{1D3C8E53-F15E-3B36-99F8-FBF9CD34816F}.RelWithDebInfo|x64.Build.0 = RelWithDebInfo|x64
		{C55CAA36-94B4-37A3-9DE8-441333424014}.Debug|x64.ActiveCfg = Debug|x64
		{C55CAA36-94B4-37A3-9DE8-441333424014}.Debug|x64.Build.0 = Debug|x64
		{C55CAA36-94B4-37A3-9DE8-441333424014}.Release|x64.ActiveCfg = Release|x64
		{C55CAA36-94B4-37A3-9DE8-441333424014}.Release|x64.Build.0 = Release|x64
		{C55CAA36-94B4-37A3-9DE8-441333424014}.MinSizeRel|x64.ActiveCfg = MinSizeRel|x64
		{C55CAA36-94B4-37A3-9DE8-441333424014}.MinSizeRel|x64.Build.0 = MinSizeRel|x64
		{C55CAA36-94B4-37A3-9DE8-441333424014}.RelWithDebInfo|x64.ActiveCfg = RelWithDebInfo|x64
		{C55CAA36-94B4-37A3-9DE8-441333424014}.RelWithDebInfo|x64.Build.0 = RelWithDebInfo|x64
	EndGlobalSection
	GlobalSection(ExtensibilityGlobals) = postSolution
		SolutionGuid = {278EE47A-793A-3315-9D60-A9A4E22AF46B}
	EndGlobalSection
	GlobalSection(ExtensibilityAddIns) = postSolution
	EndGlobalSection
EndGlobal
